<?xml version="1.0" encoding="utf-8"?>
<Project ToolsVersion="4.0" xmlns="http://schemas.microsoft.com/developer/msbuild/2003">
  <ItemGroup>
    <Filter Include="Source Files">
      <UniqueIdentifier>{4FC737F1-C7A5-4376-A066-2A32D752A2FF}</UniqueIdentifier>
      <Extensions>cpp;c;cc;cxx;def;odl;idl;hpj;bat;asm;asmx</Extensions>
    </Filter>
    <Filter Include="Header Files">
      <UniqueIdentifier>{93995380-89BD-4b04-88EB-625FBE52EBFB}</UniqueIdentifier>
      <Extensions>h;hh;hpp;hxx;hm;inl;inc;ipp;xsd</Extensions>
    </Filter>
    <Filter Include="Resource Files">
      <UniqueIdentifier>{67DA6AB6-F800-4c08-8B7A-83BB121AAD01}</UniqueIdentifier>
      <Extensions>rc;ico;cur;bmp;dlg;rc2;rct;bin;rgs;gif;jpg;jpeg;jpe;resx;tiff;tif;png;wav;mfcribbon-ms</Extensions>
    </Filter>
    <Filter Include="OS">
      <UniqueIdentifier>{fe1de964-077c-4e77-9293-e8c729c123ba}</UniqueIdentifier>
    </Filter>
    <Filter Include="Window">
      <UniqueIdentifier>{78f154ff-87ee-41d4-9dd3-caba4168f053}</UniqueIdentifier>
    </Filter>
    <Filter Include="Log">
      <UniqueIdentifier>{5dc3a4d5-8167-452d-a9f4-6569aa6ec140}</UniqueIdentifier>
    </Filter>
  </ItemGroup>
  <ItemGroup>
    <None Include="GluaGen.lua">
      <Filter>Source Files</Filter>
    </None>
  </ItemGroup>
  <ItemGroup>
    <ClCompile Include="Main.cpp">
      <Filter>Source Files</Filter>
    </ClCompile>
    <ClCompile Include="..\Engine\Source\ApplicationLayer\OS\IOpSys.cpp">
      <Filter>OS</Filter>
    </ClCompile>
    <ClCompile Include="..\Engine\Source\Utils\Log.cpp">
      <Filter>Log</Filter>
    </ClCompile>
    <ClCompile Include="..\Engine\Source\ApplicationLayer\OS\Win32.cpp">
      <Filter>OS</Filter>
    </ClCompile>
    <ClCompile Include="..\Engine\Source\ApplicationLayer\Window\IWindow.cpp">
      <Filter>Window</Filter>
    </ClCompile>
    <ClCompile Include="..\Engine\Source\ApplicationLayer\Window\WindowSDL.cpp">
      <Filter>Window</Filter>
    </ClCompile>
  </ItemGroup>
  <ItemGroup>
    <ClInclude Include="..\Engine\Source\ApplicationLayer\OS\IOpSys.h">
      <Filter>OS</Filter>
    </ClInclude>
    <ClInclude Include="..\Engine\Source\Utils\Log.h">
      <Filter>Log</Filter>
    </ClInclude>
    <ClInclude Include="..\Engine\Source\ApplicationLayer\OS\Win32.h">
      <Filter>OS</Filter>
    </ClInclude>
    <ClInclude Include="..\Engine\Source\ApplicationLayer\Window\IWindow.h">
      <Filter>Window</Filter>
    </ClInclude>
    <ClInclude Include="..\Engine\Source\ApplicationLayer\Window\WindowSDL.h">
      <Filter>Window</Filter>
    </ClInclude>
  </ItemGroup>
</Project>